
Microsoft Visual Studio Solution File, Format Version 12.00
# Visual Studio Version 17
VisualStudioVersion = 17.2.32616.157
MinimumVisualStudioVersion = 10.0.40219.1
Project("{FAE04EC0-301F-11D3-BF4B-00C04F79EFBC}") = "MSF.DesignPatterns", "MSF.DesignPatterns.csproj", "{9E94604F-FAC3-43B7-A7AA-FA2709AF12D3}"
EndProject
Global
	GlobalSection(SolutionConfigurationPlatforms) = preSolution
		Debug|Any CPU = Debug|Any CPU
		Release|Any CPU = Release|Any CPU
	EndGlobalSection
	GlobalSection(ProjectConfigurationPlatforms) = postSolution
		{9E94604F-FAC3-43B7-A7AA-FA2709AF12D3}.Debug|Any CPU.ActiveCfg = Debug|Any CPU
		{9E94604F-FAC3-43B7-A7AA-FA2709AF12D3}.Debug|Any CPU.Build.0 = Debug|Any CPU
		{9E94604F-FAC3-43B7-A7AA-FA2709AF12D3}.Release|Any CPU.ActiveCfg = Release|Any CPU
		{9E94604F-FAC3-43B7-A7AA-FA2709AF12D3}.Release|Any CPU.Build.0 = Release|Any CPU
	EndGlobalSection
	GlobalSection(SolutionProperties) = preSolution
		HideSolutionNode = FALSE
	EndGlobalSection
	GlobalSection(ExtensibilityGlobals) = postSolution
		SolutionGuid = {367D21D6-385A-4D67-A3EE-0643A5776518}
	EndGlobalSection
EndGlobal
